Microsoft Visual Studio Solution File, Format Version 12.00
# Visual Studio Version 17
VisualStudioVersion = 17.5.2.0
MinimumVisualStudioVersion = 10.0.40219.1
Project("{2150E333-8FDC-42A3-9474-1A3956D46DE8}") = "ILP", "ILP", "{C3ECCFBE-6BF7-BEB4-5322-02FFF05E379C}"
EndProject
Project("{2150E333-8FDC-42A3-9474-1A3956D46DE8}") = "src", "src", "{37BF9517-A8D2-55F3-724A-0CC1A652AC2B}"
EndProject
Project("{FAE04EC0-301F-11D3-BF4B-00C04F79EFBC}") = "server", "ILP\src\server\server.csproj", "{15063270-9939-1EC5-DDE1-7AA093F6B815}"
EndProject
Global
	GlobalSection(SolutionConfigurationPlatforms) = preSolution
		Debug|Any CPU = Debug|Any CPU
		Release|Any CPU = Release|Any CPU
	EndGlobalSection
	GlobalSection(ProjectConfigurationPlatforms) = postSolution
		{15063270-9939-1EC5-DDE1-7AA093F6B815}.Debug|Any CPU.ActiveCfg = Debug|Any CPU
		{15063270-9939-1EC5-DDE1-7AA093F6B815}.Debug|Any CPU.Build.0 = Debug|Any CPU
		{15063270-9939-1EC5-DDE1-7AA093F6B815}.Release|Any CPU.ActiveCfg = Release|Any CPU
		{15063270-9939-1EC5-DDE1-7AA093F6B815}.Release|Any CPU.Build.0 = Release|Any CPU
	EndGlobalSection
	GlobalSection(SolutionProperties) = preSolution
		HideSolutionNode = FALSE
	EndGlobalSection
	GlobalSection(NestedProjects) = preSolution
		{37BF9517-A8D2-55F3-724A-0CC1A652AC2B} = {C3ECCFBE-6BF7-BEB4-5322-02FFF05E379C}
		{15063270-9939-1EC5-DDE1-7AA093F6B815} = {37BF9517-A8D2-55F3-724A-0CC1A652AC2B}
	EndGlobalSection
	GlobalSection(ExtensibilityGlobals) = postSolution
		SolutionGuid = {43E17322-08C7-4EDC-B6DF-1EE105511A75}
	EndGlobalSection
EndGlobal
